id: pyais_parser_pyais_json
label: pyais JSON Parser
category: '[PYAIS_JSON]'
templates:
  imports: from gnuradio import pyais_parser
  make: pyais_parser.pyais_json(${logtofile}, ${filename}, ${console_output})

parameters:
- id: logtofile
  label: Log to File
  dtype: bool
  options: [True, False]
  options_labels: [On,Off]
  default: False

- id: filename
  label: Log Filename
  dtype: string
  default: "/tmp/ais_log.json"
  hide: ${'all' if logtofile == False else 'none'}

- id: console_output
  label: Console Output
  dtype: bool
  options: [ True, False ]
  options_labels: [ On,Off ]
  default: True

inputs:
- label: nmea_in
  domain: message

#  'file_format' specifies the version of the GRC yml format used in the file
#  and should usually not be changed.
file_format: 1
